
Microsoft Visual Studio Solution File, Format Version 12.00
# Visual Studio Version 17
VisualStudioVersion = 17.0.32014.148
MinimumVisualStudioVersion = 10.0.40219.1
Project("{9A19103F-16F7-4668-BE54-9A1E7A4F7556}") = "EduO.Api", "EduOApi\EduO.Api.csproj", "{6ECCFAB4-5C03-4758-92D0-53BD1617CCE3}"
EndProject
Project("{9A19103F-16F7-4668-BE54-9A1E7A4F7556}") = "EduO.Core", "EduO.Core\EduO.Core.csproj", "{D891765F-4DE9-4870-9346-1734567EC281}"
EndProject
Project("{9A19103F-16F7-4668-BE54-9A1E7A4F7556}") = "EduO.ORM", "EduO.ORM\EduO.ORM.csproj", "{FFBAE489-82BB-4516-8033-46324913CCC6}"
EndProject
Project("{FAE04EC0-301F-11D3-BF4B-00C04F79EFBC}") = "EduO.Web", "EduO.Web\EduO.Web.csproj", "{EE790B4A-FD27-45CA-8101-51DB8FBEC690}"
EndProject
Global
	GlobalSection(SolutionConfigurationPlatforms) = preSolution
		Debug|Any CPU = Debug|Any CPU
		Release|Any CPU = Release|Any CPU
	EndGlobalSection
	GlobalSection(ProjectConfigurationPlatforms) = postSolution
		{6ECCFAB4-5C03-4758-92D0-53BD1617CCE3}.Debug|Any CPU.ActiveCfg = Debug|Any CPU
		{6ECCFAB4-5C03-4758-92D0-53BD1617CCE3}.Debug|Any CPU.Build.0 = Debug|Any CPU
		{6ECCFAB4-5C03-4758-92D0-53BD1617CCE3}.Release|Any CPU.ActiveCfg = Release|Any CPU
		{6ECCFAB4-5C03-4758-92D0-53BD1617CCE3}.Release|Any CPU.Build.0 = Release|Any CPU
		{D891765F-4DE9-4870-9346-1734567EC281}.Debug|Any CPU.ActiveCfg = Debug|Any CPU
		{D891765F-4DE9-4870-9346-1734567EC281}.Debug|Any CPU.Build.0 = Debug|Any CPU
		{D891765F-4DE9-4870-9346-1734567EC281}.Release|Any CPU.ActiveCfg = Release|Any CPU
		{D891765F-4DE9-4870-9346-1734567EC281}.Release|Any CPU.Build.0 = Release|Any CPU
		{FFBAE489-82BB-4516-8033-46324913CCC6}.Debug|Any CPU.ActiveCfg = Debug|Any CPU
		{FFBAE489-82BB-4516-8033-46324913CCC6}.Debug|Any CPU.Build.0 = Debug|Any CPU
		{FFBAE489-82BB-4516-8033-46324913CCC6}.Release|Any CPU.ActiveCfg = Release|Any CPU
		{FFBAE489-82BB-4516-8033-46324913CCC6}.Release|Any CPU.Build.0 = Release|Any CPU
		{EE790B4A-FD27-45CA-8101-51DB8FBEC690}.Debug|Any CPU.ActiveCfg = Debug|Any CPU
		{EE790B4A-FD27-45CA-8101-51DB8FBEC690}.Debug|Any CPU.Build.0 = Debug|Any CPU
		{EE790B4A-FD27-45CA-8101-51DB8FBEC690}.Release|Any CPU.ActiveCfg = Release|Any CPU
		{EE790B4A-FD27-45CA-8101-51DB8FBEC690}.Release|Any CPU.Build.0 = Release|Any CPU
	EndGlobalSection
	GlobalSection(SolutionProperties) = preSolution
		HideSolutionNode = FALSE
	EndGlobalSection
	GlobalSection(ExtensibilityGlobals) = postSolution
		SolutionGuid = {FFDD4436-1492-40BD-8D93-BEEB0351AD17}
	EndGlobalSection
EndGlobal
